
Microsoft Visual Studio Solution File, Format Version 12.00
# Visual Studio Version 16
VisualStudioVersion = 16.0.30406.217
MinimumVisualStudioVersion = 10.0.40219.1
Project("{FAE04EC0-301F-11D3-BF4B-00C04F79EFBC}") = "GGC.IdentityServer", "GGC.IdentityServer\GGC.IdentityServer.csproj", "{D546521B-8F01-4688-B8B0-956AACEF896D}"
EndProject
Global
	GlobalSection(SolutionConfigurationPlatforms) = preSolution
		Debug|Any CPU = Debug|Any CPU
		Release|Any CPU = Release|Any CPU
	EndGlobalSection
	GlobalSection(ProjectConfigurationPlatforms) = postSolution
		{D546521B-8F01-4688-B8B0-956AACEF896D}.Debug|Any CPU.ActiveCfg = Debug|Any CPU
		{D546521B-8F01-4688-B8B0-956AACEF896D}.Debug|Any CPU.Build.0 = Debug|Any CPU
		{D546521B-8F01-4688-B8B0-956AACEF896D}.Release|Any CPU.ActiveCfg = Release|Any CPU
		{D546521B-8F01-4688-B8B0-956AACEF896D}.Release|Any CPU.Build.0 = Release|Any CPU
	EndGlobalSection
	GlobalSection(SolutionProperties) = preSolution
		HideSolutionNode = FALSE
	EndGlobalSection
	GlobalSection(ExtensibilityGlobals) = postSolution
		SolutionGuid = {55B88872-E263-41C9-A42C-FA4166B5DA7F}
	EndGlobalSection
EndGlobal
